
Microsoft Visual Studio Solution File, Format Version 12.00
# Visual Studio Version 17
VisualStudioVersion = 17.0.31903.59
MinimumVisualStudioVersion = 10.0.40219.1
Project("{9A19103F-16F7-4668-BE54-9A1E7A4F7556}") = "TaskManager.Api", "TaskManager.Api\TaskManager.Api.csproj", "{48150FC0-C65E-4C0D-B674-2F5F37724E85}"
EndProject
Project("{9A19103F-16F7-4668-BE54-9A1E7A4F7556}") = "TaskManager.Domain", "TaskManager.Dto\TaskManager.Domain.csproj", "{97ADC9CF-8C39-4C90-8218-FA04B92C7A71}"
EndProject
Project("{9A19103F-16F7-4668-BE54-9A1E7A4F7556}") = "TaskManager.Dal", "TaskManager.Dal\TaskManager.Dal.csproj", "{0661D306-E54A-4A67-8184-D51866951C14}"
EndProject
Global
	GlobalSection(SolutionConfigurationPlatforms) = preSolution
		Debug|Any CPU = Debug|Any CPU
		Release|Any CPU = Release|Any CPU
	EndGlobalSection
	GlobalSection(ProjectConfigurationPlatforms) = postSolution
		{48150FC0-C65E-4C0D-B674-2F5F37724E85}.Debug|Any CPU.ActiveCfg = Debug|Any CPU
		{48150FC0-C65E-4C0D-B674-2F5F37724E85}.Debug|Any CPU.Build.0 = Debug|Any CPU
		{48150FC0-C65E-4C0D-B674-2F5F37724E85}.Release|Any CPU.ActiveCfg = Release|Any CPU
		{48150FC0-C65E-4C0D-B674-2F5F37724E85}.Release|Any CPU.Build.0 = Release|Any CPU
		{97ADC9CF-8C39-4C90-8218-FA04B92C7A71}.Debug|Any CPU.ActiveCfg = Debug|Any CPU
		{97ADC9CF-8C39-4C90-8218-FA04B92C7A71}.Debug|Any CPU.Build.0 = Debug|Any CPU
		{97ADC9CF-8C39-4C90-8218-FA04B92C7A71}.Release|Any CPU.ActiveCfg = Release|Any CPU
		{97ADC9CF-8C39-4C90-8218-FA04B92C7A71}.Release|Any CPU.Build.0 = Release|Any CPU
		{0661D306-E54A-4A67-8184-D51866951C14}.Debug|Any CPU.ActiveCfg = Debug|Any CPU
		{0661D306-E54A-4A67-8184-D51866951C14}.Debug|Any CPU.Build.0 = Debug|Any CPU
		{0661D306-E54A-4A67-8184-D51866951C14}.Release|Any CPU.ActiveCfg = Release|Any CPU
		{0661D306-E54A-4A67-8184-D51866951C14}.Release|Any CPU.Build.0 = Release|Any CPU
	EndGlobalSection
	GlobalSection(SolutionProperties) = preSolution
		HideSolutionNode = FALSE
	EndGlobalSection
	GlobalSection(ExtensibilityGlobals) = postSolution
		SolutionGuid = {6082A4CD-29EB-4B3A-A1E3-D093B777CF63}
	EndGlobalSection
EndGlobal
